// !$*UTF8*$!
{
	archiveVersion = 1;
	classes = {
	};
	objectVersion = 56;
	objects = {

/* Begin PBXBuildFile section */
		17BC3EFA2AD826970029D820 /* File.swift in Sources */ = {isa = PBXBuildFile; fileRef = 17BC3EF92AD826970029D820 /* File.swift */; };
		17BC3EFC2AD82A1B0029D820 /* Member.swift in Sources */ = {isa = PBXBuildFile; fileRef = 17BC3EFB2AD82A1B0029D820 /* Member.swift */; };
		17CCCF672ADA109600D78D7A /* Permissions.swift in Sources */ = {isa = PBXBuildFile; fileRef = 17CCCF662ADA109600D78D7A /* Permissions.swift */; };
		17CCCF692ADA131D00D78D7A /* Emoji.swift in Sources */ = {isa = PBXBuildFile; fileRef = 17CCCF682ADA131D00D78D7A /* Emoji.swift */; };
		17CCCF6B2ADA14CB00D78D7A /* Role.swift in Sources */ = {isa = PBXBuildFile; fileRef = 17CCCF6A2ADA14CB00D78D7A /* Role.swift */; };
		17CCCF6E2ADA173B00D78D7A /* ULID in Frameworks */ = {isa = PBXBuildFile; productRef = 17CCCF6D2ADA173B00D78D7A /* ULID */; };
		17CCCF702ADA17B600D78D7A /* Utils.swift in Sources */ = {isa = PBXBuildFile; fileRef = 17CCCF6F2ADA17B600D78D7A /* Utils.swift */; };
		D49B705329C4D3FE009494A5 /* RevoltApp.swift in Sources */ = {isa = PBXBuildFile; fileRef = D49B705229C4D3FE009494A5 /* RevoltApp.swift */; };
		D49B705729C4D3FE009494A5 /* Assets.xcassets in Resources */ = {isa = PBXBuildFile; fileRef = D49B705629C4D3FE009494A5 /* Assets.xcassets */; };
		D49B705A29C4D3FE009494A5 /* Preview Assets.xcassets in Resources */ = {isa = PBXBuildFile; fileRef = D49B705929C4D3FE009494A5 /* Preview Assets.xcassets */; };
		D49B706429C4D3FE009494A5 /* RevoltTests.swift in Sources */ = {isa = PBXBuildFile; fileRef = D49B706329C4D3FE009494A5 /* RevoltTests.swift */; };
		D49B706E29C4D3FE009494A5 /* RevoltUITests.swift in Sources */ = {isa = PBXBuildFile; fileRef = D49B706D29C4D3FE009494A5 /* RevoltUITests.swift */; };
		D49B707029C4D3FE009494A5 /* RevoltUITestsLaunchTests.swift in Sources */ = {isa = PBXBuildFile; fileRef = D49B706F29C4D3FE009494A5 /* RevoltUITestsLaunchTests.swift */; };
		DA99EC4A29D5F35400419FDA /* Home.swift in Sources */ = {isa = PBXBuildFile; fileRef = DA99EC4929D5F35400419FDA /* Home.swift */; };
		DA99EC4C29D5F35500419FDA /* ViewState.swift in Sources */ = {isa = PBXBuildFile; fileRef = DA99EC4B29D5F35500419FDA /* ViewState.swift */; };
		DA99EC5029D5F35900419FDA /* Login.swift in Sources */ = {isa = PBXBuildFile; fileRef = DA99EC4F29D5F35900419FDA /* Login.swift */; };
		DA99EC5329D6148200419FDA /* Alamofire in Frameworks */ = {isa = PBXBuildFile; productRef = DA99EC5229D6148200419FDA /* Alamofire */; };
		DAAA4BF429F2274A00F41E52 /* Collections in Frameworks */ = {isa = PBXBuildFile; productRef = DAAA4BF329F2274A00F41E52 /* Collections */; };
		DAAA4BF629F2274A00F41E52 /* DequeModule in Frameworks */ = {isa = PBXBuildFile; productRef = DAAA4BF529F2274A00F41E52 /* DequeModule */; };
		DAAA4BF829F2274A00F41E52 /* OrderedCollections in Frameworks */ = {isa = PBXBuildFile; productRef = DAAA4BF729F2274A00F41E52 /* OrderedCollections */; };
		DAAA4BFB29F2518900F41E52 /* MessageView.swift in Sources */ = {isa = PBXBuildFile; fileRef = DAAA4BFA29F2518900F41E52 /* MessageView.swift */; };
		DAAA4BFF29F251ED00F41E52 /* User.swift in Sources */ = {isa = PBXBuildFile; fileRef = DAAA4BFE29F251ED00F41E52 /* User.swift */; };
		DAAA4C0129F251FC00F41E52 /* Message.swift in Sources */ = {isa = PBXBuildFile; fileRef = DAAA4C0029F251FC00F41E52 /* Message.swift */; };
		DAAA4C0329F2548400F41E52 /* MessageBox.swift in Sources */ = {isa = PBXBuildFile; fileRef = DAAA4C0229F2548400F41E52 /* MessageBox.swift */; };
		DAAA4C0529F2560800F41E52 /* Channel.swift in Sources */ = {isa = PBXBuildFile; fileRef = DAAA4C0429F2560800F41E52 /* Channel.swift */; };
		DAAA4C0729F2604A00F41E52 /* Server.swift in Sources */ = {isa = PBXBuildFile; fileRef = DAAA4C0629F2604A00F41E52 /* Server.swift */; };
		DAAA4C0929F2974300F41E52 /* Http.swift in Sources */ = {isa = PBXBuildFile; fileRef = DAAA4C0829F2974300F41E52 /* Http.swift */; };
		DAAA4C0B29F2CF1200F41E52 /* Websocket.swift in Sources */ = {isa = PBXBuildFile; fileRef = DAAA4C0A29F2CF1200F41E52 /* Websocket.swift */; };
		DAAA4C0E29F2D37800F41E52 /* Api.swift in Sources */ = {isa = PBXBuildFile; fileRef = DAAA4C0D29F2D37800F41E52 /* Api.swift */; };
		DAF84FFD2A0EFE1B00B01682 /* Starscream in Frameworks */ = {isa = PBXBuildFile; productRef = DAF84FFC2A0EFE1B00B01682 /* Starscream */; };
/* End PBXBuildFile section */

/* Begin PBXContainerItemProxy section */
		D49B706029C4D3FE009494A5 /* PBXContainerItemProxy */ = {
			isa = PBXContainerItemProxy;
			containerPortal = D49B704729C4D3FE009494A5 /* Project object */;
			proxyType = 1;
			remoteGlobalIDString = D49B704E29C4D3FE009494A5;
			remoteInfo = Revolt;
		};
		D49B706A29C4D3FE009494A5 /* PBXContainerItemProxy */ = {
			isa = PBXContainerItemProxy;
			containerPortal = D49B704729C4D3FE009494A5 /* Project object */;
			proxyType = 1;
			remoteGlobalIDString = D49B704E29C4D3FE009494A5;
			remoteInfo = Revolt;
		};
/* End PBXContainerItemProxy section */

/* Begin PBXFileReference section */
		17BC3EF92AD826970029D820 /* File.swift */ = {isa = PBXFileReference; lastKnownFileType = sourcecode.swift; path = File.swift; sourceTree = "<group>"; };
		17BC3EFB2AD82A1B0029D820 /* Member.swift */ = {isa = PBXFileReference; lastKnownFileType = sourcecode.swift; path = Member.swift; sourceTree = "<group>"; };
		17CCCF662ADA109600D78D7A /* Permissions.swift */ = {isa = PBXFileReference; lastKnownFileType = sourcecode.swift; path = Permissions.swift; sourceTree = "<group>"; };
		17CCCF682ADA131D00D78D7A /* Emoji.swift */ = {isa = PBXFileReference; lastKnownFileType = sourcecode.swift; path = Emoji.swift; sourceTree = "<group>"; };
		17CCCF6A2ADA14CB00D78D7A /* Role.swift */ = {isa = PBXFileReference; lastKnownFileType = sourcecode.swift; path = Role.swift; sourceTree = "<group>"; };
		17CCCF6F2ADA17B600D78D7A /* Utils.swift */ = {isa = PBXFileReference; lastKnownFileType = sourcecode.swift; path = Utils.swift; sourceTree = "<group>"; };
		D49B704F29C4D3FE009494A5 /* Revolt.app */ = {isa = PBXFileReference; explicitFileType = wrapper.application; includeInIndex = 0; path = Revolt.app; sourceTree = BUILT_PRODUCTS_DIR; };
		D49B705229C4D3FE009494A5 /* RevoltApp.swift */ = {isa = PBXFileReference; lastKnownFileType = sourcecode.swift; path = RevoltApp.swift; sourceTree = "<group>"; };
		D49B705629C4D3FE009494A5 /* Assets.xcassets */ = {isa = PBXFileReference; lastKnownFileType = folder.assetcatalog; path = Assets.xcassets; sourceTree = "<group>"; };
		D49B705929C4D3FE009494A5 /* Preview Assets.xcassets */ = {isa = PBXFileReference; lastKnownFileType = folder.assetcatalog; path = "Preview Assets.xcassets"; sourceTree = "<group>"; };
		D49B705F29C4D3FE009494A5 /* RevoltTests.xctest */ = {isa = PBXFileReference; explicitFileType = wrapper.cfbundle; includeInIndex = 0; path = RevoltTests.xctest; sourceTree = BUILT_PRODUCTS_DIR; };
		D49B706329C4D3FE009494A5 /* RevoltTests.swift */ = {isa = PBXFileReference; lastKnownFileType = sourcecode.swift; path = RevoltTests.swift; sourceTree = "<group>"; };
		D49B706929C4D3FE009494A5 /* RevoltUITests.xctest */ = {isa = PBXFileReference; explicitFileType = wrapper.cfbundle; includeInIndex = 0; path = RevoltUITests.xctest; sourceTree = BUILT_PRODUCTS_DIR; };
		D49B706D29C4D3FE009494A5 /* RevoltUITests.swift */ = {isa = PBXFileReference; lastKnownFileType = sourcecode.swift; path = RevoltUITests.swift; sourceTree = "<group>"; };
		D49B706F29C4D3FE009494A5 /* RevoltUITestsLaunchTests.swift */ = {isa = PBXFileReference; lastKnownFileType = sourcecode.swift; path = RevoltUITestsLaunchTests.swift; sourceTree = "<group>"; };
		DA99EC4929D5F35400419FDA /* Home.swift */ = {isa = PBXFileReference; lastKnownFileType = sourcecode.swift; path = Home.swift; sourceTree = "<group>"; };
		DA99EC4B29D5F35500419FDA /* ViewState.swift */ = {isa = PBXFileReference; lastKnownFileType = sourcecode.swift; path = ViewState.swift; sourceTree = "<group>"; };
		DA99EC4F29D5F35900419FDA /* Login.swift */ = {isa = PBXFileReference; lastKnownFileType = sourcecode.swift; path = Login.swift; sourceTree = "<group>"; };
		DAAA4BFA29F2518900F41E52 /* MessageView.swift */ = {isa = PBXFileReference; lastKnownFileType = sourcecode.swift; path = MessageView.swift; sourceTree = "<group>"; };
		DAAA4BFE29F251ED00F41E52 /* User.swift */ = {isa = PBXFileReference; lastKnownFileType = sourcecode.swift; path = User.swift; sourceTree = "<group>"; };
		DAAA4C0029F251FC00F41E52 /* Message.swift */ = {isa = PBXFileReference; lastKnownFileType = sourcecode.swift; path = Message.swift; sourceTree = "<group>"; };
		DAAA4C0229F2548400F41E52 /* MessageBox.swift */ = {isa = PBXFileReference; lastKnownFileType = sourcecode.swift; path = MessageBox.swift; sourceTree = "<group>"; };
		DAAA4C0429F2560800F41E52 /* Channel.swift */ = {isa = PBXFileReference; lastKnownFileType = sourcecode.swift; path = Channel.swift; sourceTree = "<group>"; };
		DAAA4C0629F2604A00F41E52 /* Server.swift */ = {isa = PBXFileReference; lastKnownFileType = sourcecode.swift; path = Server.swift; sourceTree = "<group>"; };
		DAAA4C0829F2974300F41E52 /* Http.swift */ = {isa = PBXFileReference; lastKnownFileType = sourcecode.swift; path = Http.swift; sourceTree = "<group>"; };
		DAAA4C0A29F2CF1200F41E52 /* Websocket.swift */ = {isa = PBXFileReference; lastKnownFileType = sourcecode.swift; path = Websocket.swift; sourceTree = "<group>"; };
		DAAA4C0C29F2D16B00F41E52 /* Info.plist */ = {isa = PBXFileReference; lastKnownFileType = text.plist; path = Info.plist; sourceTree = "<group>"; };
		DAAA4C0D29F2D37800F41E52 /* Api.swift */ = {isa = PBXFileReference; lastKnownFileType = sourcecode.swift; path = Api.swift; sourceTree = "<group>"; };
		DAF41CC129C516600004BFBE /* Inter.ttf */ = {isa = PBXFileReference; lastKnownFileType = file; path = Inter.ttf; sourceTree = "<group>"; };
/* End PBXFileReference section */

/* Begin PBXFrameworksBuildPhase section */
		D49B704C29C4D3FE009494A5 /* Frameworks */ = {
			isa = PBXFrameworksBuildPhase;
			buildActionMask = 2147483647;
			files = (
				DAAA4BF429F2274A00F41E52 /* Collections in Frameworks */,
				DA99EC5329D6148200419FDA /* Alamofire in Frameworks */,
				17CCCF6E2ADA173B00D78D7A /* ULID in Frameworks */,
				DAAA4BF829F2274A00F41E52 /* OrderedCollections in Frameworks */,
				DAF84FFD2A0EFE1B00B01682 /* Starscream in Frameworks */,
				DAAA4BF629F2274A00F41E52 /* DequeModule in Frameworks */,
			);
			runOnlyForDeploymentPostprocessing = 0;
		};
		D49B705C29C4D3FE009494A5 /* Frameworks */ = {
			isa = PBXFrameworksBuildPhase;
			buildActionMask = 2147483647;
			files = (
			);
			runOnlyForDeploymentPostprocessing = 0;
		};
		D49B706629C4D3FE009494A5 /* Frameworks */ = {
			isa = PBXFrameworksBuildPhase;
			buildActionMask = 2147483647;
			files = (
			);
			runOnlyForDeploymentPostprocessing = 0;
		};
/* End PBXFrameworksBuildPhase section */

/* Begin PBXGroup section */
		D49B704629C4D3FE009494A5 = {
			isa = PBXGroup;
			children = (
				D49B705129C4D3FE009494A5 /* Revolt */,
				D49B706229C4D3FE009494A5 /* RevoltTests */,
				D49B706C29C4D3FE009494A5 /* RevoltUITests */,
				D49B705029C4D3FE009494A5 /* Products */,
				DAFC10FE29CFC3B400D2C2F9 /* Frameworks */,
			);
			sourceTree = "<group>";
		};
		D49B705029C4D3FE009494A5 /* Products */ = {
			isa = PBXGroup;
			children = (
				D49B704F29C4D3FE009494A5 /* Revolt.app */,
				D49B705F29C4D3FE009494A5 /* RevoltTests.xctest */,
				D49B706929C4D3FE009494A5 /* RevoltUITests.xctest */,
			);
			name = Products;
			sourceTree = "<group>";
		};
		D49B705129C4D3FE009494A5 /* Revolt */ = {
			isa = PBXGroup;
			children = (
				DAAA4C0C29F2D16B00F41E52 /* Info.plist */,
				DAAA4BFD29F251DF00F41E52 /* Types */,
				DAAA4BF929F2515E00F41E52 /* Home */,
				DAF41CC029C5164A0004BFBE /* Fonts */,
				D49B705229C4D3FE009494A5 /* RevoltApp.swift */,
				DA99EC4F29D5F35900419FDA /* Login.swift */,
				DA99EC4B29D5F35500419FDA /* ViewState.swift */,
				D49B705629C4D3FE009494A5 /* Assets.xcassets */,
				D49B705829C4D3FE009494A5 /* Preview Content */,
				DAAA4C0829F2974300F41E52 /* Http.swift */,
				DAAA4C0A29F2CF1200F41E52 /* Websocket.swift */,
				17CCCF6F2ADA17B600D78D7A /* Utils.swift */,
			);
			path = Revolt;
			sourceTree = "<group>";
		};
		D49B705829C4D3FE009494A5 /* Preview Content */ = {
			isa = PBXGroup;
			children = (
				D49B705929C4D3FE009494A5 /* Preview Assets.xcassets */,
			);
			path = "Preview Content";
			sourceTree = "<group>";
		};
		D49B706229C4D3FE009494A5 /* RevoltTests */ = {
			isa = PBXGroup;
			children = (
				D49B706329C4D3FE009494A5 /* RevoltTests.swift */,
			);
			path = RevoltTests;
			sourceTree = "<group>";
		};
		D49B706C29C4D3FE009494A5 /* RevoltUITests */ = {
			isa = PBXGroup;
			children = (
				D49B706D29C4D3FE009494A5 /* RevoltUITests.swift */,
				D49B706F29C4D3FE009494A5 /* RevoltUITestsLaunchTests.swift */,
			);
			path = RevoltUITests;
			sourceTree = "<group>";
		};
		DAAA4BF929F2515E00F41E52 /* Home */ = {
			isa = PBXGroup;
			children = (
				DAAA4C0229F2548400F41E52 /* MessageBox.swift */,
				DA99EC4929D5F35400419FDA /* Home.swift */,
				DAAA4BFA29F2518900F41E52 /* MessageView.swift */,
			);
			path = Home;
			sourceTree = "<group>";
		};
		DAAA4BFD29F251DF00F41E52 /* Types */ = {
			isa = PBXGroup;
			children = (
				DAAA4BFE29F251ED00F41E52 /* User.swift */,
				DAAA4C0029F251FC00F41E52 /* Message.swift */,
				DAAA4C0429F2560800F41E52 /* Channel.swift */,
				DAAA4C0629F2604A00F41E52 /* Server.swift */,
				DAAA4C0D29F2D37800F41E52 /* Api.swift */,
				17BC3EF92AD826970029D820 /* File.swift */,
				17BC3EFB2AD82A1B0029D820 /* Member.swift */,
				17CCCF662ADA109600D78D7A /* Permissions.swift */,
				17CCCF682ADA131D00D78D7A /* Emoji.swift */,
				17CCCF6A2ADA14CB00D78D7A /* Role.swift */,
			);
			path = Types;
			sourceTree = "<group>";
		};
		DAF41CC029C5164A0004BFBE /* Fonts */ = {
			isa = PBXGroup;
			children = (
				DAF41CC129C516600004BFBE /* Inter.ttf */,
			);
			path = Fonts;
			sourceTree = "<group>";
		};
		DAFC10FE29CFC3B400D2C2F9 /* Frameworks */ = {
			isa = PBXGroup;
			children = (
			);
			name = Frameworks;
			sourceTree = "<group>";
		};
/* End PBXGroup section */

/* Begin PBXNativeTarget section */
		D49B704E29C4D3FE009494A5 /* Revolt */ = {
			isa = PBXNativeTarget;
			buildConfigurationList = D49B707329C4D3FE009494A5 /* Build configuration list for PBXNativeTarget "Revolt" */;
			buildPhases = (
				D49B704B29C4D3FE009494A5 /* Sources */,
				D49B704C29C4D3FE009494A5 /* Frameworks */,
				D49B704D29C4D3FE009494A5 /* Resources */,
			);
			buildRules = (
			);
			dependencies = (
			);
			name = Revolt;
			packageProductDependencies = (
				DA99EC5229D6148200419FDA /* Alamofire */,
				DAAA4BF329F2274A00F41E52 /* Collections */,
				DAAA4BF529F2274A00F41E52 /* DequeModule */,
				DAAA4BF729F2274A00F41E52 /* OrderedCollections */,
				DAF84FFC2A0EFE1B00B01682 /* Starscream */,
				17CCCF6D2ADA173B00D78D7A /* ULID */,
			);
			productName = Revolt;
			productReference = D49B704F29C4D3FE009494A5 /* Revolt.app */;
			productType = "com.apple.product-type.application";
		};
		D49B705E29C4D3FE009494A5 /* RevoltTests */ = {
			isa = PBXNativeTarget;
			buildConfigurationList = D49B707629C4D3FE009494A5 /* Build configuration list for PBXNativeTarget "RevoltTests" */;
			buildPhases = (
				D49B705B29C4D3FE009494A5 /* Sources */,
				D49B705C29C4D3FE009494A5 /* Frameworks */,
				D49B705D29C4D3FE009494A5 /* Resources */,
			);
			buildRules = (
			);
			dependencies = (
				D49B706129C4D3FE009494A5 /* PBXTargetDependency */,
			);
			name = RevoltTests;
			productName = RevoltTests;
			productReference = D49B705F29C4D3FE009494A5 /* RevoltTests.xctest */;
			productType = "com.apple.product-type.bundle.unit-test";
		};
		D49B706829C4D3FE009494A5 /* RevoltUITests */ = {
			isa = PBXNativeTarget;
			buildConfigurationList = D49B707929C4D3FE009494A5 /* Build configuration list for PBXNativeTarget "RevoltUITests" */;
			buildPhases = (
				D49B706529C4D3FE009494A5 /* Sources */,
				D49B706629C4D3FE009494A5 /* Frameworks */,
				D49B706729C4D3FE009494A5 /* Resources */,
			);
			buildRules = (
			);
			dependencies = (
				D49B706B29C4D3FE009494A5 /* PBXTargetDependency */,
			);
			name = RevoltUITests;
			productName = RevoltUITests;
			productReference = D49B706929C4D3FE009494A5 /* RevoltUITests.xctest */;
			productType = "com.apple.product-type.bundle.ui-testing";
		};
/* End PBXNativeTarget section */

/* Begin PBXProject section */
		D49B704729C4D3FE009494A5 /* Project object */ = {
			isa = PBXProject;
			attributes = {
				BuildIndependentTargetsInParallel = 1;
				LastSwiftUpdateCheck = 1420;
				LastUpgradeCheck = 1420;
				TargetAttributes = {
					D49B704E29C4D3FE009494A5 = {
						CreatedOnToolsVersion = 14.2;
					};
					D49B705E29C4D3FE009494A5 = {
						CreatedOnToolsVersion = 14.2;
						TestTargetID = D49B704E29C4D3FE009494A5;
					};
					D49B706829C4D3FE009494A5 = {
						CreatedOnToolsVersion = 14.2;
						TestTargetID = D49B704E29C4D3FE009494A5;
					};
				};
			};
			buildConfigurationList = D49B704A29C4D3FE009494A5 /* Build configuration list for PBXProject "Revolt" */;
			compatibilityVersion = "Xcode 14.0";
			developmentRegion = en;
			hasScannedForEncodings = 0;
			knownRegions = (
				en,
				Base,
			);
			mainGroup = D49B704629C4D3FE009494A5;
			packageReferences = (
				DA99EC5129D6148200419FDA /* XCRemoteSwiftPackageReference "Alamofire" */,
				DAAA4BF229F2274A00F41E52 /* XCRemoteSwiftPackageReference "swift-collections" */,
				DAF84FFB2A0EFE1B00B01682 /* XCRemoteSwiftPackageReference "Starscream" */,
				17CCCF6C2ADA173B00D78D7A /* XCRemoteSwiftPackageReference "ULID" */,
			);
			productRefGroup = D49B705029C4D3FE009494A5 /* Products */;
			projectDirPath = "";
			projectRoot = "";
			targets = (
				D49B704E29C4D3FE009494A5 /* Revolt */,
				D49B705E29C4D3FE009494A5 /* RevoltTests */,
				D49B706829C4D3FE009494A5 /* RevoltUITests */,
			);
		};
/* End PBXProject section */

/* Begin PBXResourcesBuildPhase section */
		D49B704D29C4D3FE009494A5 /* Resources */ = {
			isa = PBXResourcesBuildPhase;
			buildActionMask = 2147483647;
			files = (
				D49B705A29C4D3FE009494A5 /* Preview Assets.xcassets in Resources */,
				D49B705729C4D3FE009494A5 /* Assets.xcassets in Resources */,
			);
			runOnlyForDeploymentPostprocessing = 0;
		};
		D49B705D29C4D3FE009494A5 /* Resources */ = {
			isa = PBXResourcesBuildPhase;
			buildActionMask = 2147483647;
			files = (
			);
			runOnlyForDeploymentPostprocessing = 0;
		};
		D49B706729C4D3FE009494A5 /* Resources */ = {
			isa = PBXResourcesBuildPhase;
			buildActionMask = 2147483647;
			files = (
			);
			runOnlyForDeploymentPostprocessing = 0;
		};
/* End PBXResourcesBuildPhase section */

/* Begin PBXSourcesBuildPhase section */
		D49B704B29C4D3FE009494A5 /* Sources */ = {
			isa = PBXSourcesBuildPhase;
			buildActionMask = 2147483647;
			files = (
				DAAA4C0729F2604A00F41E52 /* Server.swift in Sources */,
				DAAA4C0B29F2CF1200F41E52 /* Websocket.swift in Sources */,
				DA99EC4A29D5F35400419FDA /* Home.swift in Sources */,
				DAAA4C0329F2548400F41E52 /* MessageBox.swift in Sources */,
				17BC3EFC2AD82A1B0029D820 /* Member.swift in Sources */,
				17CCCF6B2ADA14CB00D78D7A /* Role.swift in Sources */,
				DA99EC5029D5F35900419FDA /* Login.swift in Sources */,
				DAAA4C0929F2974300F41E52 /* Http.swift in Sources */,
				DAAA4C0E29F2D37800F41E52 /* Api.swift in Sources */,
				17CCCF692ADA131D00D78D7A /* Emoji.swift in Sources */,
				17CCCF672ADA109600D78D7A /* Permissions.swift in Sources */,
				DAAA4BFF29F251ED00F41E52 /* User.swift in Sources */,
				DAAA4BFB29F2518900F41E52 /* MessageView.swift in Sources */,
				17BC3EFA2AD826970029D820 /* File.swift in Sources */,
				D49B705329C4D3FE009494A5 /* RevoltApp.swift in Sources */,
				DA99EC4C29D5F35500419FDA /* ViewState.swift in Sources */,
				DAAA4C0529F2560800F41E52 /* Channel.swift in Sources */,
				17CCCF702ADA17B600D78D7A /* Utils.swift in Sources */,
				DAAA4C0129F251FC00F41E52 /* Message.swift in Sources */,
			);
			runOnlyForDeploymentPostprocessing = 0;
		};
		D49B705B29C4D3FE009494A5 /* Sources */ = {
			isa = PBXSourcesBuildPhase;
			buildActionMask = 2147483647;
			files = (
				D49B706429C4D3FE009494A5 /* RevoltTests.swift in Sources */,
			);
			runOnlyForDeploymentPostprocessing = 0;
		};
		D49B706529C4D3FE009494A5 /* Sources */ = {
			isa = PBXSourcesBuildPhase;
			buildActionMask = 2147483647;
			files = (
				D49B707029C4D3FE009494A5 /* RevoltUITestsLaunchTests.swift in Sources */,
				D49B706E29C4D3FE009494A5 /* RevoltUITests.swift in Sources */,
			);
			runOnlyForDeploymentPostprocessing = 0;
		};
/* End PBXSourcesBuildPhase section */

/* Begin PBXTargetDependency section */
		D49B706129C4D3FE009494A5 /* PBXTargetDependency */ = {
			isa = PBXTargetDependency;
			target = D49B704E29C4D3FE009494A5 /* Revolt */;
			targetProxy = D49B706029C4D3FE009494A5 /* PBXContainerItemProxy */;
		};
		D49B706B29C4D3FE009494A5 /* PBXTargetDependency */ = {
			isa = PBXTargetDependency;
			target = D49B704E29C4D3FE009494A5 /* Revolt */;
			targetProxy = D49B706A29C4D3FE009494A5 /* PBXContainerItemProxy */;
		};
/* End PBXTargetDependency section */

/* Begin XCBuildConfiguration section */
		D49B707129C4D3FE009494A5 /* Debug */ = {
			isa = XCBuildConfiguration;
			buildSettings = {
				ALWAYS_SEARCH_USER_PATHS = NO;
				CLANG_ANALYZER_NONNULL = YES;
				CLANG_ANALYZER_NUMBER_OBJECT_CONVERSION = YES_AGGRESSIVE;
				CLANG_CXX_LANGUAGE_STANDARD = "gnu++20";
				CLANG_ENABLE_MODULES = YES;
				CLANG_ENABLE_OBJC_ARC = YES;
				CLANG_ENABLE_OBJC_WEAK = YES;
				CLANG_WARN_BLOCK_CAPTURE_AUTORELEASING = YES;
				CLANG_WARN_BOOL_CONVERSION = YES;
				CLANG_WARN_COMMA = YES;
				CLANG_WARN_CONSTANT_CONVERSION = YES;
				CLANG_WARN_DEPRECATED_OBJC_IMPLEMENTATIONS = YES;
				CLANG_WARN_DIRECT_OBJC_ISA_USAGE = YES_ERROR;
				CLANG_WARN_DOCUMENTATION_COMMENTS = YES;
				CLANG_WARN_EMPTY_BODY = YES;
				CLANG_WARN_ENUM_CONVERSION = YES;
				CLANG_WARN_INFINITE_RECURSION = YES;
				CLANG_WARN_INT_CONVERSION = YES;
				CLANG_WARN_NON_LITERAL_NULL_CONVERSION = YES;
				CLANG_WARN_OBJC_IMPLICIT_RETAIN_SELF = YES;
				CLANG_WARN_OBJC_LITERAL_CONVERSION = YES;
				CLANG_WARN_OBJC_ROOT_CLASS = YES_ERROR;
				CLANG_WARN_QUOTED_INCLUDE_IN_FRAMEWORK_HEADER = YES;
				CLANG_WARN_RANGE_LOOP_ANALYSIS = YES;
				CLANG_WARN_STRICT_PROTOTYPES = YES;
				CLANG_WARN_SUSPICIOUS_MOVE = YES;
				CLANG_WARN_UNGUARDED_AVAILABILITY = YES_AGGRESSIVE;
				CLANG_WARN_UNREACHABLE_CODE = YES;
				CLANG_WARN__DUPLICATE_METHOD_MATCH = YES;
				COPY_PHASE_STRIP = NO;
				DEBUG_INFORMATION_FORMAT = dwarf;
				ENABLE_STRICT_OBJC_MSGSEND = YES;
				ENABLE_TESTABILITY = YES;
				GCC_C_LANGUAGE_STANDARD = gnu11;
				GCC_DYNAMIC_NO_PIC = NO;
				GCC_NO_COMMON_BLOCKS = YES;
				GCC_OPTIMIZATION_LEVEL = 0;
				GCC_PREPROCESSOR_DEFINITIONS = (
					"DEBUG=1",
					"$(inherited)",
				);
				GCC_WARN_64_TO_32_BIT_CONVERSION = YES;
				GCC_WARN_ABOUT_RETURN_TYPE = YES_ERROR;
				GCC_WARN_UNDECLARED_SELECTOR = YES;
				GCC_WARN_UNINITIALIZED_AUTOS = YES_AGGRESSIVE;
				GCC_WARN_UNUSED_FUNCTION = YES;
				GCC_WARN_UNUSED_VARIABLE = YES;
				IPHONEOS_DEPLOYMENT_TARGET = 16.2;
				MTL_ENABLE_DEBUG_INFO = INCLUDE_SOURCE;
				MTL_FAST_MATH = YES;
				ONLY_ACTIVE_ARCH = YES;
				SDKROOT = iphoneos;
				SWIFT_ACTIVE_COMPILATION_CONDITIONS = DEBUG;
				SWIFT_OPTIMIZATION_LEVEL = "-Onone";
			};
			name = Debug;
		};
		D49B707229C4D3FE009494A5 /* Release */ = {
			isa = XCBuildConfiguration;
			buildSettings = {
				ALWAYS_SEARCH_USER_PATHS = NO;
				CLANG_ANALYZER_NONNULL = YES;
				CLANG_ANALYZER_NUMBER_OBJECT_CONVERSION = YES_AGGRESSIVE;
				CLANG_CXX_LANGUAGE_STANDARD = "gnu++20";
				CLANG_ENABLE_MODULES = YES;
				CLANG_ENABLE_OBJC_ARC = YES;
				CLANG_ENABLE_OBJC_WEAK = YES;
				CLANG_WARN_BLOCK_CAPTURE_AUTORELEASING = YES;
				CLANG_WARN_BOOL_CONVERSION = YES;
				CLANG_WARN_COMMA = YES;
				CLANG_WARN_CONSTANT_CONVERSION = YES;
				CLANG_WARN_DEPRECATED_OBJC_IMPLEMENTATIONS = YES;
				CLANG_WARN_DIRECT_OBJC_ISA_USAGE = YES_ERROR;
				CLANG_WARN_DOCUMENTATION_COMMENTS = YES;
				CLANG_WARN_EMPTY_BODY = YES;
				CLANG_WARN_ENUM_CONVERSION = YES;
				CLANG_WARN_INFINITE_RECURSION = YES;
				CLANG_WARN_INT_CONVERSION = YES;
				CLANG_WARN_NON_LITERAL_NULL_CONVERSION = YES;
				CLANG_WARN_OBJC_IMPLICIT_RETAIN_SELF = YES;
				CLANG_WARN_OBJC_LITERAL_CONVERSION = YES;
				CLANG_WARN_OBJC_ROOT_CLASS = YES_ERROR;
				CLANG_WARN_QUOTED_INCLUDE_IN_FRAMEWORK_HEADER = YES;
				CLANG_WARN_RANGE_LOOP_ANALYSIS = YES;
				CLANG_WARN_STRICT_PROTOTYPES = YES;
				CLANG_WARN_SUSPICIOUS_MOVE = YES;
				CLANG_WARN_UNGUARDED_AVAILABILITY = YES_AGGRESSIVE;
				CLANG_WARN_UNREACHABLE_CODE = YES;
				CLANG_WARN__DUPLICATE_METHOD_MATCH = YES;
				COPY_PHASE_STRIP = NO;
				DEBUG_INFORMATION_FORMAT = "dwarf-with-dsym";
				ENABLE_NS_ASSERTIONS = NO;
				ENABLE_STRICT_OBJC_MSGSEND = YES;
				GCC_C_LANGUAGE_STANDARD = gnu11;
				GCC_NO_COMMON_BLOCKS = YES;
				GCC_WARN_64_TO_32_BIT_CONVERSION = YES;
				GCC_WARN_ABOUT_RETURN_TYPE = YES_ERROR;
				GCC_WARN_UNDECLARED_SELECTOR = YES;
				GCC_WARN_UNINITIALIZED_AUTOS = YES_AGGRESSIVE;
				GCC_WARN_UNUSED_FUNCTION = YES;
				GCC_WARN_UNUSED_VARIABLE = YES;
				IPHONEOS_DEPLOYMENT_TARGET = 16.2;
				MTL_ENABLE_DEBUG_INFO = NO;
				MTL_FAST_MATH = YES;
				SDKROOT = iphoneos;
				SWIFT_COMPILATION_MODE = wholemodule;
				SWIFT_OPTIMIZATION_LEVEL = "-O";
				VALIDATE_PRODUCT = YES;
			};
			name = Release;
		};
		D49B707429C4D3FE009494A5 /* Debug */ = {
			isa = XCBuildConfiguration;
			buildSettings = {
				ASSETCATALOG_COMPILER_APPICON_NAME = AppIcon;
				ASSETCATALOG_COMPILER_GLOBAL_ACCENT_COLOR_NAME = AccentColor;
				CODE_SIGN_IDENTITY = "Apple Development";
				CODE_SIGN_STYLE = Automatic;
				CURRENT_PROJECT_VERSION = 1;
				DEVELOPMENT_ASSET_PATHS = "\"Revolt/Preview Content\"";
				DEVELOPMENT_TEAM = 28739U4397;
				ENABLE_PREVIEWS = YES;
				GENERATE_INFOPLIST_FILE = YES;
				INFOPLIST_FILE = Revolt/Info.plist;
				INFOPLIST_KEY_UIApplicationSceneManifest_Generation = YES;
				INFOPLIST_KEY_UIApplicationSupportsIndirectInputEvents = YES;
				INFOPLIST_KEY_UILaunchScreen_Generation = YES;
				INFOPLIST_KEY_UISupportedInterfaceOrientations_iPad = "UIInterfaceOrientationPortrait UIInterfaceOrientationPortraitUpsideDown UIInterfaceOrientationLandscapeLeft UIInterfaceOrientationLandscapeRight";
				INFOPLIST_KEY_UISupportedInterfaceOrientations_iPhone = "UIInterfaceOrientationPortrait UIInterfaceOrientationLandscapeLeft UIInterfaceOrientationLandscapeRight";
				LD_RUNPATH_SEARCH_PATHS = (
					"$(inherited)",
					"@executable_path/Frameworks",
				);
				MARKETING_VERSION = 1.0;
				PRODUCT_BUNDLE_IDENTIFIER = chat.revolt.Revolt;
				PRODUCT_NAME = "$(TARGET_NAME)";
				PROVISIONING_PROFILE_SPECIFIER = "";
				SWIFT_EMIT_LOC_STRINGS = YES;
				SWIFT_VERSION = 5.0;
				TARGETED_DEVICE_FAMILY = "1,2";
			};
			name = Debug;
		};
		D49B707529C4D3FE009494A5 /* Release */ = {
			isa = XCBuildConfiguration;
			buildSettings = {
				ASSETCATALOG_COMPILER_APPICON_NAME = AppIcon;
				ASSETCATALOG_COMPILER_GLOBAL_ACCENT_COLOR_NAME = AccentColor;
				CODE_SIGN_IDENTITY = "Apple Development";
				CODE_SIGN_STYLE = Automatic;
				CURRENT_PROJECT_VERSION = 1;
				DEVELOPMENT_ASSET_PATHS = "\"Revolt/Preview Content\"";
				DEVELOPMENT_TEAM = 28739U4397;
				ENABLE_PREVIEWS = YES;
				GENERATE_INFOPLIST_FILE = YES;
				INFOPLIST_FILE = Revolt/Info.plist;
				INFOPLIST_KEY_UIApplicationSceneManifest_Generation = YES;
				INFOPLIST_KEY_UIApplicationSupportsIndirectInputEvents = YES;
				INFOPLIST_KEY_UILaunchScreen_Generation = YES;
				INFOPLIST_KEY_UISupportedInterfaceOrientations_iPad = "UIInterfaceOrientationPortrait UIInterfaceOrientationPortraitUpsideDown UIInterfaceOrientationLandscapeLeft UIInterfaceOrientationLandscapeRight";
				INFOPLIST_KEY_UISupportedInterfaceOrientations_iPhone = "UIInterfaceOrientationPortrait UIInterfaceOrientationLandscapeLeft UIInterfaceOrientationLandscapeRight";
				LD_RUNPATH_SEARCH_PATHS = (
					"$(inherited)",
					"@executable_path/Frameworks",
				);
				MARKETING_VERSION = 1.0;
				PRODUCT_BUNDLE_IDENTIFIER = chat.revolt.Revolt;
				PRODUCT_NAME = "$(TARGET_NAME)";
				PROVISIONING_PROFILE_SPECIFIER = "";
				SWIFT_EMIT_LOC_STRINGS = YES;
				SWIFT_VERSION = 5.0;
				TARGETED_DEVICE_FAMILY = "1,2";
			};
			name = Release;
		};
		D49B707729C4D3FE009494A5 /* Debug */ = {
			isa = XCBuildConfiguration;
			buildSettings = {
				ALWAYS_EMBED_SWIFT_STANDARD_LIBRARIES = YES;
				BUNDLE_LOADER = "$(TEST_HOST)";
				CODE_SIGN_STYLE = Automatic;
				CURRENT_PROJECT_VERSION = 1;
				GENERATE_INFOPLIST_FILE = YES;
				IPHONEOS_DEPLOYMENT_TARGET = 16.2;
				MARKETING_VERSION = 1.0;
				PRODUCT_BUNDLE_IDENTIFIER = chat.revolt.RevoltTests;
				PRODUCT_NAME = "$(TARGET_NAME)";
				SWIFT_EMIT_LOC_STRINGS = NO;
				SWIFT_VERSION = 5.0;
				TARGETED_DEVICE_FAMILY = "1,2";
				TEST_HOST = "$(BUILT_PRODUCTS_DIR)/Revolt.app/$(BUNDLE_EXECUTABLE_FOLDER_PATH)/Revolt";
			};
			name = Debug;
		};
		D49B707829C4D3FE009494A5 /* Release */ = {
			isa = XCBuildConfiguration;
			buildSettings = {
				ALWAYS_EMBED_SWIFT_STANDARD_LIBRARIES = YES;
				BUNDLE_LOADER = "$(TEST_HOST)";
				CODE_SIGN_STYLE = Automatic;
				CURRENT_PROJECT_VERSION = 1;
				GENERATE_INFOPLIST_FILE = YES;
				IPHONEOS_DEPLOYMENT_TARGET = 16.2;
				MARKETING_VERSION = 1.0;
				PRODUCT_BUNDLE_IDENTIFIER = chat.revolt.RevoltTests;
				PRODUCT_NAME = "$(TARGET_NAME)";
				SWIFT_EMIT_LOC_STRINGS = NO;
				SWIFT_VERSION = 5.0;
				TARGETED_DEVICE_FAMILY = "1,2";
				TEST_HOST = "$(BUILT_PRODUCTS_DIR)/Revolt.app/$(BUNDLE_EXECUTABLE_FOLDER_PATH)/Revolt";
			};
			name = Release;
		};
		D49B707A29C4D3FE009494A5 /* Debug */ = {
			isa = XCBuildConfiguration;
			buildSettings = {
				ALWAYS_EMBED_SWIFT_STANDARD_LIBRARIES = YES;
				CODE_SIGN_STYLE = Automatic;
				CURRENT_PROJECT_VERSION = 1;
				GENERATE_INFOPLIST_FILE = YES;
				MARKETING_VERSION = 1.0;
				PRODUCT_BUNDLE_IDENTIFIER = chat.revolt.RevoltUITests;
				PRODUCT_NAME = "$(TARGET_NAME)";
				SWIFT_EMIT_LOC_STRINGS = NO;
				SWIFT_VERSION = 5.0;
				TARGETED_DEVICE_FAMILY = "1,2";
				TEST_TARGET_NAME = Revolt;
			};
			name = Debug;
		};
		D49B707B29C4D3FE009494A5 /* Release */ = {
			isa = XCBuildConfiguration;
			buildSettings = {
				ALWAYS_EMBED_SWIFT_STANDARD_LIBRARIES = YES;
				CODE_SIGN_STYLE = Automatic;
				CURRENT_PROJECT_VERSION = 1;
				GENERATE_INFOPLIST_FILE = YES;
				MARKETING_VERSION = 1.0;
				PRODUCT_BUNDLE_IDENTIFIER = chat.revolt.RevoltUITests;
				PRODUCT_NAME = "$(TARGET_NAME)";
				SWIFT_EMIT_LOC_STRINGS = NO;
				SWIFT_VERSION = 5.0;
				TARGETED_DEVICE_FAMILY = "1,2";
				TEST_TARGET_NAME = Revolt;
			};
			name = Release;
		};
/* End XCBuildConfiguration section */

/* Begin XCConfigurationList section */
		D49B704A29C4D3FE009494A5 /* Build configuration list for PBXProject "Revolt" */ = {
			isa = XCConfigurationList;
			buildConfigurations = (
				D49B707129C4D3FE009494A5 /* Debug */,
				D49B707229C4D3FE009494A5 /* Release */,
			);
			defaultConfigurationIsVisible = 0;
			defaultConfigurationName = Release;
		};
		D49B707329C4D3FE009494A5 /* Build configuration list for PBXNativeTarget "Revolt" */ = {
			isa = XCConfigurationList;
			buildConfigurations = (
				D49B707429C4D3FE009494A5 /* Debug */,
				D49B707529C4D3FE009494A5 /* Release */,
			);
			defaultConfigurationIsVisible = 0;
			defaultConfigurationName = Release;
		};
		D49B707629C4D3FE009494A5 /* Build configuration list for PBXNativeTarget "RevoltTests" */ = {
			isa = XCConfigurationList;
			buildConfigurations = (
				D49B707729C4D3FE009494A5 /* Debug */,
				D49B707829C4D3FE009494A5 /* Release */,
			);
			defaultConfigurationIsVisible = 0;
			defaultConfigurationName = Release;
		};
		D49B707929C4D3FE009494A5 /* Build configuration list for PBXNativeTarget "RevoltUITests" */ = {
			isa = XCConfigurationList;
			buildConfigurations = (
				D49B707A29C4D3FE009494A5 /* Debug */,
				D49B707B29C4D3FE009494A5 /* Release */,
			);
			defaultConfigurationIsVisible = 0;
			defaultConfigurationName = Release;
		};
/* End XCConfigurationList section */

/* Begin XCRemoteSwiftPackageReference section */
		17CCCF6C2ADA173B00D78D7A /* XCRemoteSwiftPackageReference "ULID" */ = {
			isa = XCRemoteSwiftPackageReference;
			repositoryURL = "https://github.com/yaslab/ULID.swift";
			requirement = {
				kind = upToNextMajorVersion;
				minimumVersion = 1.2.0;
			};
		};
		DA99EC5129D6148200419FDA /* XCRemoteSwiftPackageReference "Alamofire" */ = {
			isa = XCRemoteSwiftPackageReference;
			repositoryURL = "https://github.com/Alamofire/Alamofire";
			requirement = {
				kind = upToNextMajorVersion;
				minimumVersion = 5.0.0;
			};
		};
		DAAA4BF229F2274A00F41E52 /* XCRemoteSwiftPackageReference "swift-collections" */ = {
			isa = XCRemoteSwiftPackageReference;
			repositoryURL = "https://github.com/apple/swift-collections.git";
			requirement = {
				kind = upToNextMajorVersion;
				minimumVersion = 1.0.0;
			};
		};
		DAF84FFB2A0EFE1B00B01682 /* XCRemoteSwiftPackageReference "Starscream" */ = {
			isa = XCRemoteSwiftPackageReference;
			repositoryURL = "https://github.com/daltoniam/Starscream";
			requirement = {
				kind = upToNextMajorVersion;
				minimumVersion = 4.0.0;
			};
		};
/* End XCRemoteSwiftPackageReference section */

/* Begin XCSwiftPackageProductDependency section */
		17CCCF6D2ADA173B00D78D7A /* ULID */ = {
			isa = XCSwiftPackageProductDependency;
			package = 17CCCF6C2ADA173B00D78D7A /* XCRemoteSwiftPackageReference "ULID" */;
			productName = ULID;
		};
		DA99EC5229D6148200419FDA /* Alamofire */ = {
			isa = XCSwiftPackageProductDependency;
			package = DA99EC5129D6148200419FDA /* XCRemoteSwiftPackageReference "Alamofire" */;
			productName = Alamofire;
		};
		DAAA4BF329F2274A00F41E52 /* Collections */ = {
			isa = XCSwiftPackageProductDependency;
			package = DAAA4BF229F2274A00F41E52 /* XCRemoteSwiftPackageReference "swift-collections" */;
			productName = Collections;
		};
		DAAA4BF529F2274A00F41E52 /* DequeModule */ = {
			isa = XCSwiftPackageProductDependency;
			package = DAAA4BF229F2274A00F41E52 /* XCRemoteSwiftPackageReference "swift-collections" */;
			productName = DequeModule;
		};
		DAAA4BF729F2274A00F41E52 /* OrderedCollections */ = {
			isa = XCSwiftPackageProductDependency;
			package = DAAA4BF229F2274A00F41E52 /* XCRemoteSwiftPackageReference "swift-collections" */;
			productName = OrderedCollections;
		};
		DAF84FFC2A0EFE1B00B01682 /* Starscream */ = {
			isa = XCSwiftPackageProductDependency;
			package = DAF84FFB2A0EFE1B00B01682 /* XCRemoteSwiftPackageReference "Starscream" */;
			productName = Starscream;
		};
/* End XCSwiftPackageProductDependency section */
	};
	rootObject = D49B704729C4D3FE009494A5 /* Project object */;
}
